PODS:
  - AppCenter (4.4.1):
    - AppCenter/Analytics (= 4.4.1)
    - AppCenter/Crashes (= 4.4.1)
  - AppCenter/Analytics (4.4.1):
    - AppCenter/Core
  - AppCenter/Core (4.4.1)
  - AppCenter/Crashes (4.4.1):
    - AppCenter/Core
  - NGCorePocLib (0.0.10):
    - VMaxAdsSDK (= 0.0.92)
  - VMaxAdsSDK (0.0.92)

DEPENDENCIES:
  - AppCenter
  - NGCorePocLib (from `../`)

SPEC REPOS:
  trunk:
    - AppCenter
    - VMaxAdsSDK

EXTERNAL SOURCES:
  NGCorePocLib:
    :path: "../"

SPEC CHECKSUMS:
  AppCenter: b0b6f1190215b5f983c42934db718f3b46fff3c0
  NGCorePocLib: b98b321a50b6e9d09a15409f894b9cf21f6cf6d5
  VMaxAdsSDK: b2aa916784b5b70d904a0e327cf99baf6388fd0f

PODFILE CHECKSUM: 880a508ce75783cec6226c35fc4e90657b26a341

COCOAPODS: 1.11.2
