PODS:
  - AppCenter (4.4.1):
    - AppCenter/Analytics (= 4.4.1)
    - AppCenter/Crashes (= 4.4.1)
  - AppCenter/Analytics (4.4.1):
    - AppCenter/Core
  - AppCenter/Core (4.4.1)
  - AppCenter/Crashes (4.4.1):
    - AppCenter/Core
  - NGCorePocLib (0.0.10):
    - VMaxAdsSDK
  - VMaxAdsSDK (0.0.96)

DEPENDENCIES:
  - AppCenter
  - NGCorePocLib (from `../`)

SPEC REPOS:
  trunk:
    - AppCenter
    - VMaxAdsSDK

EXTERNAL SOURCES:
  NGCorePocLib:
    :path: "../"

SPEC CHECKSUMS:
  AppCenter: b0b6f1190215b5f983c42934db718f3b46fff3c0
  NGCorePocLib: b2497d5b400b696bbde19785cbe39a598501416f
  VMaxAdsSDK: d87b5104fd7f261f4f308aa87a2880f5c4bc035a

PODFILE CHECKSUM: 880a508ce75783cec6226c35fc4e90657b26a341

COCOAPODS: 1.11.2
